
Microsoft Visual Studio Solution File, Format Version 12.00
# Visual Studio Version 16
VisualStudioVersion = 16.0.31019.35
MinimumVisualStudioVersion = 10.0.40219.1
Project("{FAE04EC0-301F-11D3-BF4B-00C04F79EFBC}") = "ASPMVCDemo", "ASPMVCDemo.csproj", "{5AA9D937-D453-42C0-8BE4-3BD9F7B2BD3B}"
EndProject
Global
	GlobalSection(SolutionConfigurationPlatforms) = preSolution
		Debug|Any CPU = Debug|Any CPU
		Release|Any CPU = Release|Any CPU
	EndGlobalSection
	GlobalSection(ProjectConfigurationPlatforms) = postSolution
		{5AA9D937-D453-42C0-8BE4-3BD9F7B2BD3B}.Debug|Any CPU.ActiveCfg = Debug|Any CPU
		{5AA9D937-D453-42C0-8BE4-3BD9F7B2BD3B}.Debug|Any CPU.Build.0 = Debug|Any CPU
		{5AA9D937-D453-42C0-8BE4-3BD9F7B2BD3B}.Release|Any CPU.ActiveCfg = Release|Any CPU
		{5AA9D937-D453-42C0-8BE4-3BD9F7B2BD3B}.Release|Any CPU.Build.0 = Release|Any CPU
	EndGlobalSection
	GlobalSection(SolutionProperties) = preSolution
		HideSolutionNode = FALSE
	EndGlobalSection
	GlobalSection(ExtensibilityGlobals) = postSolution
		SolutionGuid = {A599905D-EF5C-4A0B-862D-EF1FA99A4932}
	EndGlobalSection
EndGlobal
